# This file is automatically @generated by Cargo.
# It is not intended for manual editing.
version = 4

[[package]]
name = "hippo_zstandard_native"
version = "0.1.0"
dependencies = [
 "zrip",
]

[[package]]
name = "zrip"
version = "0.8.3"
source = "registry+https://github.com/rust-lang/crates.io-index"
checksum = "8375d48aa35c331f07cbe710b4991c701d0216ed88f58b3d4741d4b7c4537daf"
dependencies = [
 "zrip-core",
 "zrip-decode",
 "zrip-encode",
]

[[package]]
name = "zrip-core"
version = "0.9.0"
source = "registry+https://github.com/rust-lang/crates.io-index"
checksum = "1c08c58dd1601e891cd12fc6a722027819e38d0979a713743e88a08de26d27a0"

[[package]]
name = "zrip-decode"
version = "0.8.3"
source = "registry+https://github.com/rust-lang/crates.io-index"
checksum = "d431eb77dcd9f5293b6e8e6d577940e228f0ed42065ee0447d2b943ea3b8029c"
dependencies = [
 "zrip-core",
]

[[package]]
name = "zrip-encode"
version = "0.8.3"
source = "registry+https://github.com/rust-lang/crates.io-index"
checksum = "293fa608e036fd972879fa27564656a8233b08a09ba9f1833555413d8fa74644"
dependencies = [
 "zrip-core",
]
