# This file is automatically @generated by Cargo.
# It is not intended for manual editing.
version = 4

[[package]]
name = "hippo_zstandard_native"
version = "0.1.2"
dependencies = [
 "zrip",
]

[[package]]
name = "zrip"
version = "0.8.11"
source = "registry+https://github.com/rust-lang/crates.io-index"
checksum = "9e85bd0b02784d8753fe5cc435dfb65043be505cb621643a3ac4a0c43eb49e4a"
dependencies = [
 "zrip-core",
 "zrip-decode",
 "zrip-encode",
]

[[package]]
name = "zrip-core"
version = "0.11.0"
source = "registry+https://github.com/rust-lang/crates.io-index"
checksum = "6dec95be8c75252532ba0ef5e738d9da26a6f51ad52cb45f4ed90c89979727c1"

[[package]]
name = "zrip-decode"
version = "0.8.10"
source = "registry+https://github.com/rust-lang/crates.io-index"
checksum = "aca029cf83b6a6e282008a9aa1079e13f216b28bac670eb1fb0769c1d256cb0e"
dependencies = [
 "zrip-core",
]

[[package]]
name = "zrip-encode"
version = "0.9.0"
source = "registry+https://github.com/rust-lang/crates.io-index"
checksum = "b657fa83287fe6799596e53540a7b1f179ca34ffd8589d5c576a5b8a1bcc4260"
dependencies = [
 "zrip-core",
]
